
Microsoft Visual Studio Solution File, Format Version 12.00
# Visual Studio 14
VisualStudioVersion = 14.0.25420.1
MinimumVisualStudioVersion = 10.0.40219.1
Project("{FAE04EC0-301F-11D3-BF4B-00C04F79EFBC}") = "EchoShop.Model", "EchoShop.Model\EchoShop.Model.csproj", "{21EAC2A7-74B2-47D0-A254-FACDC5CA658D}"
EndProject
Project("{FAE04EC0-301F-11D3-BF4B-00C04F79EFBC}") = "EchoShop.IServices", "EchoShop.IServices\EchoShop.IServices.csproj", "{FC387404-B37D-4DA7-BD44-BFE32E34698E}"
EndProject
Project("{FAE04EC0-301F-11D3-BF4B-00C04F79EFBC}") = "EchoShop.Services", "EchoShop.Services\EchoShop.Services.csproj", "{F3E1FE1F-16B4-47DD-A3C0-48F6924A5557}"
EndProject
Project("{2150E333-8FDC-42A3-9474-1A3956D46DE8}") = "02 业务逻辑", "02 业务逻辑", "{26DA8A79-5631-49FE-9FE3-7E1DC40FD009}"
EndProject
Project("{2150E333-8FDC-42A3-9474-1A3956D46DE8}") = "03 数据访问", "03 数据访问", "{712701BA-C7D2-40E9-85FB-FD0840EEEBD3}"
EndProject
Project("{FAE04EC0-301F-11D3-BF4B-00C04F79EFBC}") = "EchoShop.IRepository", "EchoShop.IRepository\EchoShop.IRepository.csproj", "{9254887E-2FC3-4F0A-B773-47A32F11C3C4}"
EndProject
Project("{FAE04EC0-301F-11D3-BF4B-00C04F79EFBC}") = "EchoShop.Repository", "EchoShop.Repository\EchoShop.Repository.csproj", "{2040F02C-0CEA-4AF0-95B1-9983FF817CD1}"
EndProject
Project("{2150E333-8FDC-42A3-9474-1A3956D46DE8}") = "04 实体模型", "04 实体模型", "{055F7A88-48B5-4617-B9EF-FE3794531C9D}"
EndProject
Project("{2150E333-8FDC-42A3-9474-1A3956D46DE8}") = "01 界面UI", "01 界面UI", "{F01DD99D-A499-411C-BCAB-1861D6A4A4C2}"
EndProject
Project("{FAE04EC0-301F-11D3-BF4B-00C04F79EFBC}") = "EchoShop.Mvc", "EchoShop.Mvc\EchoShop.Mvc.csproj", "{F2BB6744-DD70-4F66-821C-0287D7B3560C}"
EndProject
Project("{2150E333-8FDC-42A3-9474-1A3956D46DE8}") = "05 通用类库", "05 通用类库", "{B460D49E-6A50-4166-B9CC-531CAEF1E3FB}"
EndProject
Project("{FAE04EC0-301F-11D3-BF4B-00C04F79EFBC}") = "EchoShop.Common", "EchoShop.Common\EchoShop.Common.csproj", "{67204C34-5F49-4DB6-B305-76E03CA2AAC3}"
EndProject
Global
	GlobalSection(SolutionConfigurationPlatforms) = preSolution
		Debug|Any CPU = Debug|Any CPU
		Release|Any CPU = Release|Any CPU
	EndGlobalSection
	GlobalSection(ProjectConfigurationPlatforms) = postSolution
		{21EAC2A7-74B2-47D0-A254-FACDC5CA658D}.Debug|Any CPU.ActiveCfg = Debug|Any CPU
		{21EAC2A7-74B2-47D0-A254-FACDC5CA658D}.Debug|Any CPU.Build.0 = Debug|Any CPU
		{21EAC2A7-74B2-47D0-A254-FACDC5CA658D}.Release|Any CPU.ActiveCfg = Release|Any CPU
		{21EAC2A7-74B2-47D0-A254-FACDC5CA658D}.Release|Any CPU.Build.0 = Release|Any CPU
		{FC387404-B37D-4DA7-BD44-BFE32E34698E}.Debug|Any CPU.ActiveCfg = Debug|Any CPU
		{FC387404-B37D-4DA7-BD44-BFE32E34698E}.Debug|Any CPU.Build.0 = Debug|Any CPU
		{FC387404-B37D-4DA7-BD44-BFE32E34698E}.Release|Any CPU.ActiveCfg = Release|Any CPU
		{FC387404-B37D-4DA7-BD44-BFE32E34698E}.Release|Any CPU.Build.0 = Release|Any CPU
		{F3E1FE1F-16B4-47DD-A3C0-48F6924A5557}.Debug|Any CPU.ActiveCfg = Debug|Any CPU
		{F3E1FE1F-16B4-47DD-A3C0-48F6924A5557}.Debug|Any CPU.Build.0 = Debug|Any CPU
		{F3E1FE1F-16B4-47DD-A3C0-48F6924A5557}.Release|Any CPU.ActiveCfg = Release|Any CPU
		{F3E1FE1F-16B4-47DD-A3C0-48F6924A5557}.Release|Any CPU.Build.0 = Release|Any CPU
		{9254887E-2FC3-4F0A-B773-47A32F11C3C4}.Debug|Any CPU.ActiveCfg = Debug|Any CPU
		{9254887E-2FC3-4F0A-B773-47A32F11C3C4}.Debug|Any CPU.Build.0 = Debug|Any CPU
		{9254887E-2FC3-4F0A-B773-47A32F11C3C4}.Release|Any CPU.ActiveCfg = Release|Any CPU
		{9254887E-2FC3-4F0A-B773-47A32F11C3C4}.Release|Any CPU.Build.0 = Release|Any CPU
		{2040F02C-0CEA-4AF0-95B1-9983FF817CD1}.Debug|Any CPU.ActiveCfg = Debug|Any CPU
		{2040F02C-0CEA-4AF0-95B1-9983FF817CD1}.Debug|Any CPU.Build.0 = Debug|Any CPU
		{2040F02C-0CEA-4AF0-95B1-9983FF817CD1}.Release|Any CPU.ActiveCfg = Release|Any CPU
		{2040F02C-0CEA-4AF0-95B1-9983FF817CD1}.Release|Any CPU.Build.0 = Release|Any CPU
		{F2BB6744-DD70-4F66-821C-0287D7B3560C}.Debug|Any CPU.ActiveCfg = Debug|Any CPU
		{F2BB6744-DD70-4F66-821C-0287D7B3560C}.Debug|Any CPU.Build.0 = Debug|Any CPU
		{F2BB6744-DD70-4F66-821C-0287D7B3560C}.Release|Any CPU.ActiveCfg = Release|Any CPU
		{F2BB6744-DD70-4F66-821C-0287D7B3560C}.Release|Any CPU.Build.0 = Release|Any CPU
		{67204C34-5F49-4DB6-B305-76E03CA2AAC3}.Debug|Any CPU.ActiveCfg = Debug|Any CPU
		{67204C34-5F49-4DB6-B305-76E03CA2AAC3}.Debug|Any CPU.Build.0 = Debug|Any CPU
		{67204C34-5F49-4DB6-B305-76E03CA2AAC3}.Release|Any CPU.ActiveCfg = Release|Any CPU
		{67204C34-5F49-4DB6-B305-76E03CA2AAC3}.Release|Any CPU.Build.0 = Release|Any CPU
	EndGlobalSection
	GlobalSection(SolutionProperties) = preSolution
		HideSolutionNode = FALSE
	EndGlobalSection
	GlobalSection(NestedProjects) = preSolution
		{21EAC2A7-74B2-47D0-A254-FACDC5CA658D} = {055F7A88-48B5-4617-B9EF-FE3794531C9D}
		{FC387404-B37D-4DA7-BD44-BFE32E34698E} = {26DA8A79-5631-49FE-9FE3-7E1DC40FD009}
		{F3E1FE1F-16B4-47DD-A3C0-48F6924A5557} = {26DA8A79-5631-49FE-9FE3-7E1DC40FD009}
		{9254887E-2FC3-4F0A-B773-47A32F11C3C4} = {712701BA-C7D2-40E9-85FB-FD0840EEEBD3}
		{2040F02C-0CEA-4AF0-95B1-9983FF817CD1} = {712701BA-C7D2-40E9-85FB-FD0840EEEBD3}
		{F2BB6744-DD70-4F66-821C-0287D7B3560C} = {F01DD99D-A499-411C-BCAB-1861D6A4A4C2}
		{67204C34-5F49-4DB6-B305-76E03CA2AAC3} = {B460D49E-6A50-4166-B9CC-531CAEF1E3FB}
	EndGlobalSection
EndGlobal
